
Microsoft Visual Studio Solution File, Format Version 12.00
# Visual Studio 15
VisualStudioVersion = 15.0.27703.2026
MinimumVisualStudioVersion = 10.0.40219.1
Project("{FAE04EC0-301F-11D3-BF4B-00C04F79EFBC}") = "FFSharp", "FFSharp\FFSharp.csproj", "{F2E43233-5D7C-4F0A-8A7C-51B79B20F4A0}"
EndProject
Project("{7CF6DF6D-3B04-46F8-A40B-537D21BCA0B4}") = "Documentation", "Documentation\Documentation.shfbproj", "{DD449957-34A0-49E1-8317-FAE9F00713B4}"
EndProject
Global
	GlobalSection(SolutionConfigurationPlatforms) = preSolution
		Debug|Any CPU = Debug|Any CPU
		Release|Any CPU = Release|Any CPU
	EndGlobalSection
	GlobalSection(ProjectConfigurationPlatforms) = postSolution
		{F2E43233-5D7C-4F0A-8A7C-51B79B20F4A0}.Debug|Any CPU.ActiveCfg = Debug|Any CPU
		{F2E43233-5D7C-4F0A-8A7C-51B79B20F4A0}.Debug|Any CPU.Build.0 = Debug|Any CPU
		{F2E43233-5D7C-4F0A-8A7C-51B79B20F4A0}.Release|Any CPU.ActiveCfg = Release|Any CPU
		{F2E43233-5D7C-4F0A-8A7C-51B79B20F4A0}.Release|Any CPU.Build.0 = Release|Any CPU
		{DD449957-34A0-49E1-8317-FAE9F00713B4}.Debug|Any CPU.ActiveCfg = Debug|Any CPU
		{DD449957-34A0-49E1-8317-FAE9F00713B4}.Debug|Any CPU.Build.0 = Debug|Any CPU
		{DD449957-34A0-49E1-8317-FAE9F00713B4}.Release|Any CPU.ActiveCfg = Release|Any CPU
		{DD449957-34A0-49E1-8317-FAE9F00713B4}.Release|Any CPU.Build.0 = Release|Any CPU
	EndGlobalSection
	GlobalSection(SolutionProperties) = preSolution
		HideSolutionNode = FALSE
	EndGlobalSection
	GlobalSection(ExtensibilityGlobals) = postSolution
		SolutionGuid = {C6091302-DA48-4B76-9D8A-C4EBD555912F}
	EndGlobalSection
EndGlobal
